
Microsoft Visual Studio Solution File, Format Version 12.00
# Visual Studio Version 17
VisualStudioVersion = 17.4.33213.308
MinimumVisualStudioVersion = 10.0.40219.1
Project("{9A19103F-16F7-4668-BE54-9A1E7A4F7556}") = "1.RecursiveArraySum", "1.RecursiveArraySum\1.RecursiveArraySum.csproj", "{FB6A205D-48A3-4DC1-9DB6-942A27EF4DEC}"
EndProject
Project("{9A19103F-16F7-4668-BE54-9A1E7A4F7556}") = "2.RecursiveFactorial", "2.RecursiveFactorial\2.RecursiveFactorial.csproj", "{6F31124B-D373-4CD4-A444-911179B431A2}"
EndProject
Project("{9A19103F-16F7-4668-BE54-9A1E7A4F7556}") = "5.MergeSort", "5.MergeSort\5.MergeSort.csproj", "{6A991F0D-89C7-47FF-9484-5D3B3C278FC4}"
EndProject
Project("{9A19103F-16F7-4668-BE54-9A1E7A4F7556}") = "7.BinarySearch", "7.BinarySearch\7.BinarySearch.csproj", "{7138DACE-5764-4DD6-A454-6B150A895C54}"
EndProject
Project("{FAE04EC0-301F-11D3-BF4B-00C04F79EFBC}") = "6.QuickSort", "6.QuickSort\6.QuickSort.csproj", "{5F66E9F6-B442-4843-A973-F6C8C5BA0B8A}"
EndProject
Global
	GlobalSection(SolutionConfigurationPlatforms) = preSolution
		Debug|Any CPU = Debug|Any CPU
		Release|Any CPU = Release|Any CPU
	EndGlobalSection
	GlobalSection(ProjectConfigurationPlatforms) = postSolution
		{FB6A205D-48A3-4DC1-9DB6-942A27EF4DEC}.Debug|Any CPU.ActiveCfg = Debug|Any CPU
		{FB6A205D-48A3-4DC1-9DB6-942A27EF4DEC}.Debug|Any CPU.Build.0 = Debug|Any CPU
		{FB6A205D-48A3-4DC1-9DB6-942A27EF4DEC}.Release|Any CPU.ActiveCfg = Release|Any CPU
		{FB6A205D-48A3-4DC1-9DB6-942A27EF4DEC}.Release|Any CPU.Build.0 = Release|Any CPU
		{6F31124B-D373-4CD4-A444-911179B431A2}.Debug|Any CPU.ActiveCfg = Debug|Any CPU
		{6F31124B-D373-4CD4-A444-911179B431A2}.Debug|Any CPU.Build.0 = Debug|Any CPU
		{6F31124B-D373-4CD4-A444-911179B431A2}.Release|Any CPU.ActiveCfg = Release|Any CPU
		{6F31124B-D373-4CD4-A444-911179B431A2}.Release|Any CPU.Build.0 = Release|Any CPU
		{6A991F0D-89C7-47FF-9484-5D3B3C278FC4}.Debug|Any CPU.ActiveCfg = Debug|Any CPU
		{6A991F0D-89C7-47FF-9484-5D3B3C278FC4}.Debug|Any CPU.Build.0 = Debug|Any CPU
		{6A991F0D-89C7-47FF-9484-5D3B3C278FC4}.Release|Any CPU.ActiveCfg = Release|Any CPU
		{6A991F0D-89C7-47FF-9484-5D3B3C278FC4}.Release|Any CPU.Build.0 = Release|Any CPU
		{7138DACE-5764-4DD6-A454-6B150A895C54}.Debug|Any CPU.ActiveCfg = Debug|Any CPU
		{7138DACE-5764-4DD6-A454-6B150A895C54}.Debug|Any CPU.Build.0 = Debug|Any CPU
		{7138DACE-5764-4DD6-A454-6B150A895C54}.Release|Any CPU.ActiveCfg = Release|Any CPU
		{7138DACE-5764-4DD6-A454-6B150A895C54}.Release|Any CPU.Build.0 = Release|Any CPU
		{5F66E9F6-B442-4843-A973-F6C8C5BA0B8A}.Debug|Any CPU.ActiveCfg = Debug|Any CPU
		{5F66E9F6-B442-4843-A973-F6C8C5BA0B8A}.Debug|Any CPU.Build.0 = Debug|Any CPU
		{5F66E9F6-B442-4843-A973-F6C8C5BA0B8A}.Release|Any CPU.ActiveCfg = Release|Any CPU
		{5F66E9F6-B442-4843-A973-F6C8C5BA0B8A}.Release|Any CPU.Build.0 = Release|Any CPU
	EndGlobalSection
	GlobalSection(SolutionProperties) = preSolution
		HideSolutionNode = FALSE
	EndGlobalSection
	GlobalSection(ExtensibilityGlobals) = postSolution
		SolutionGuid = {D5DC361C-725B-4EB8-9A20-4AAB114AC151}
	EndGlobalSection
EndGlobal
