
Microsoft Visual Studio Solution File, Format Version 12.00
# Visual Studio Version 17
VisualStudioVersion = 17.4.33213.308
MinimumVisualStudioVersion = 10.0.40219.1
Project("{9A19103F-16F7-4668-BE54-9A1E7A4F7556}") = "1.Vehicles", "1.Vehicles\1.Vehicles.csproj", "{A2A61BC5-3A7D-46B0-9E25-834512BBF09B}"
EndProject
Project("{9A19103F-16F7-4668-BE54-9A1E7A4F7556}") = "2.VehiclesExtension", "2.VehiclesExtension\2.VehiclesExtension.csproj", "{8BF59D14-9609-49B0-AD32-0AF63CB6C214}"
EndProject
Project("{FAE04EC0-301F-11D3-BF4B-00C04F79EFBC}") = "3.Raiding", "3.Raiding\3.Raiding.csproj", "{01A38E52-E322-47E6-B00A-82B032B2B20C}"
EndProject
Project("{FAE04EC0-301F-11D3-BF4B-00C04F79EFBC}") = "4.WildFarm", "4.WildFarm\4.WildFarm.csproj", "{C03594B9-007D-4C02-8958-3E1035C99081}"
EndProject
Global
	GlobalSection(SolutionConfigurationPlatforms) = preSolution
		Debug|Any CPU = Debug|Any CPU
		Release|Any CPU = Release|Any CPU
	EndGlobalSection
	GlobalSection(ProjectConfigurationPlatforms) = postSolution
		{A2A61BC5-3A7D-46B0-9E25-834512BBF09B}.Debug|Any CPU.ActiveCfg = Debug|Any CPU
		{A2A61BC5-3A7D-46B0-9E25-834512BBF09B}.Debug|Any CPU.Build.0 = Debug|Any CPU
		{A2A61BC5-3A7D-46B0-9E25-834512BBF09B}.Release|Any CPU.ActiveCfg = Release|Any CPU
		{A2A61BC5-3A7D-46B0-9E25-834512BBF09B}.Release|Any CPU.Build.0 = Release|Any CPU
		{8BF59D14-9609-49B0-AD32-0AF63CB6C214}.Debug|Any CPU.ActiveCfg = Debug|Any CPU
		{8BF59D14-9609-49B0-AD32-0AF63CB6C214}.Debug|Any CPU.Build.0 = Debug|Any CPU
		{8BF59D14-9609-49B0-AD32-0AF63CB6C214}.Release|Any CPU.ActiveCfg = Release|Any CPU
		{8BF59D14-9609-49B0-AD32-0AF63CB6C214}.Release|Any CPU.Build.0 = Release|Any CPU
		{01A38E52-E322-47E6-B00A-82B032B2B20C}.Debug|Any CPU.ActiveCfg = Debug|Any CPU
		{01A38E52-E322-47E6-B00A-82B032B2B20C}.Debug|Any CPU.Build.0 = Debug|Any CPU
		{01A38E52-E322-47E6-B00A-82B032B2B20C}.Release|Any CPU.ActiveCfg = Release|Any CPU
		{01A38E52-E322-47E6-B00A-82B032B2B20C}.Release|Any CPU.Build.0 = Release|Any CPU
		{C03594B9-007D-4C02-8958-3E1035C99081}.Debug|Any CPU.ActiveCfg = Debug|Any CPU
		{C03594B9-007D-4C02-8958-3E1035C99081}.Debug|Any CPU.Build.0 = Debug|Any CPU
		{C03594B9-007D-4C02-8958-3E1035C99081}.Release|Any CPU.ActiveCfg = Release|Any CPU
		{C03594B9-007D-4C02-8958-3E1035C99081}.Release|Any CPU.Build.0 = Release|Any CPU
	EndGlobalSection
	GlobalSection(SolutionProperties) = preSolution
		HideSolutionNode = FALSE
	EndGlobalSection
	GlobalSection(ExtensibilityGlobals) = postSolution
		SolutionGuid = {D4BE7054-B655-45C9-9F5C-4041A6650452}
	EndGlobalSection
EndGlobal
