
Microsoft Visual Studio Solution File, Format Version 12.00
# Visual Studio Version 17
VisualStudioVersion = 17.4.33213.308
MinimumVisualStudioVersion = 10.0.40219.1
Project("{9A19103F-16F7-4668-BE54-9A1E7A4F7556}") = "1.Stealer", "1.Stealer\1.Stealer.csproj", "{3875C012-EE79-4F6B-B961-0D0D56161CBB}"
EndProject
Project("{9A19103F-16F7-4668-BE54-9A1E7A4F7556}") = "CodeTracker", "6.CodeTracker\CodeTracker.csproj", "{0E4AB867-0B56-464A-AB20-CB36C4A9B5A2}"
EndProject
Project("{9A19103F-16F7-4668-BE54-9A1E7A4F7556}") = "5.CreateAttribute", "5.CreateAttribute\5.CreateAttribute.csproj", "{D9B0B4FF-BCF6-414F-912A-AA9C2568E284}"
EndProject
Project("{FAE04EC0-301F-11D3-BF4B-00C04F79EFBC}") = "2.HighQualityMistakes", "2.HighQualityMistakes\2.HighQualityMistakes.csproj", "{2F42A12F-C7E4-4ABD-8641-4A828F533F88}"
EndProject
Project("{FAE04EC0-301F-11D3-BF4B-00C04F79EFBC}") = "3.MissionPrivateImpossible", "3.MissionPrivateImpossible\3.MissionPrivateImpossible.csproj", "{8758F6A7-F123-4615-873E-FA2FC0E43301}"
EndProject
Project("{FAE04EC0-301F-11D3-BF4B-00C04F79EFBC}") = "4.Collector", "4.Collector\4.Collector.csproj", "{0137104D-CFF2-40BD-B394-45584F3F3D10}"
EndProject
Global
	GlobalSection(SolutionConfigurationPlatforms) = preSolution
		Debug|Any CPU = Debug|Any CPU
		Release|Any CPU = Release|Any CPU
	EndGlobalSection
	GlobalSection(ProjectConfigurationPlatforms) = postSolution
		{3875C012-EE79-4F6B-B961-0D0D56161CBB}.Debug|Any CPU.ActiveCfg = Debug|Any CPU
		{3875C012-EE79-4F6B-B961-0D0D56161CBB}.Debug|Any CPU.Build.0 = Debug|Any CPU
		{3875C012-EE79-4F6B-B961-0D0D56161CBB}.Release|Any CPU.ActiveCfg = Release|Any CPU
		{3875C012-EE79-4F6B-B961-0D0D56161CBB}.Release|Any CPU.Build.0 = Release|Any CPU
		{0E4AB867-0B56-464A-AB20-CB36C4A9B5A2}.Debug|Any CPU.ActiveCfg = Debug|Any CPU
		{0E4AB867-0B56-464A-AB20-CB36C4A9B5A2}.Debug|Any CPU.Build.0 = Debug|Any CPU
		{0E4AB867-0B56-464A-AB20-CB36C4A9B5A2}.Release|Any CPU.ActiveCfg = Release|Any CPU
		{0E4AB867-0B56-464A-AB20-CB36C4A9B5A2}.Release|Any CPU.Build.0 = Release|Any CPU
		{D9B0B4FF-BCF6-414F-912A-AA9C2568E284}.Debug|Any CPU.ActiveCfg = Debug|Any CPU
		{D9B0B4FF-BCF6-414F-912A-AA9C2568E284}.Debug|Any CPU.Build.0 = Debug|Any CPU
		{D9B0B4FF-BCF6-414F-912A-AA9C2568E284}.Release|Any CPU.ActiveCfg = Release|Any CPU
		{D9B0B4FF-BCF6-414F-912A-AA9C2568E284}.Release|Any CPU.Build.0 = Release|Any CPU
		{2F42A12F-C7E4-4ABD-8641-4A828F533F88}.Debug|Any CPU.ActiveCfg = Debug|Any CPU
		{2F42A12F-C7E4-4ABD-8641-4A828F533F88}.Debug|Any CPU.Build.0 = Debug|Any CPU
		{2F42A12F-C7E4-4ABD-8641-4A828F533F88}.Release|Any CPU.ActiveCfg = Release|Any CPU
		{2F42A12F-C7E4-4ABD-8641-4A828F533F88}.Release|Any CPU.Build.0 = Release|Any CPU
		{8758F6A7-F123-4615-873E-FA2FC0E43301}.Debug|Any CPU.ActiveCfg = Debug|Any CPU
		{8758F6A7-F123-4615-873E-FA2FC0E43301}.Debug|Any CPU.Build.0 = Debug|Any CPU
		{8758F6A7-F123-4615-873E-FA2FC0E43301}.Release|Any CPU.ActiveCfg = Release|Any CPU
		{8758F6A7-F123-4615-873E-FA2FC0E43301}.Release|Any CPU.Build.0 = Release|Any CPU
		{0137104D-CFF2-40BD-B394-45584F3F3D10}.Debug|Any CPU.ActiveCfg = Debug|Any CPU
		{0137104D-CFF2-40BD-B394-45584F3F3D10}.Debug|Any CPU.Build.0 = Debug|Any CPU
		{0137104D-CFF2-40BD-B394-45584F3F3D10}.Release|Any CPU.ActiveCfg = Release|Any CPU
		{0137104D-CFF2-40BD-B394-45584F3F3D10}.Release|Any CPU.Build.0 = Release|Any CPU
	EndGlobalSection
	GlobalSection(SolutionProperties) = preSolution
		HideSolutionNode = FALSE
	EndGlobalSection
	GlobalSection(ExtensibilityGlobals) = postSolution
		SolutionGuid = {667D2B2F-5F14-4FA9-BC43-DA197BFE1F04}
	EndGlobalSection
EndGlobal
