
Microsoft Visual Studio Solution File, Format Version 12.00
# Visual Studio Version 17
VisualStudioVersion = 17.4.33213.308
MinimumVisualStudioVersion = 10.0.40219.1
Project("{FAE04EC0-301F-11D3-BF4B-00C04F79EFBC}") = "ShortestPathInALabyritnth", "ShortestPathInALabyritnth\ShortestPathInALabyritnth.csproj", "{619D2F48-32CF-41F2-98D7-CF99C4CE4B0B}"
EndProject
Global
	GlobalSection(SolutionConfigurationPlatforms) = preSolution
		Debug|Any CPU = Debug|Any CPU
		Release|Any CPU = Release|Any CPU
	EndGlobalSection
	GlobalSection(ProjectConfigurationPlatforms) = postSolution
		{619D2F48-32CF-41F2-98D7-CF99C4CE4B0B}.Debug|Any CPU.ActiveCfg = Debug|Any CPU
		{619D2F48-32CF-41F2-98D7-CF99C4CE4B0B}.Debug|Any CPU.Build.0 = Debug|Any CPU
		{619D2F48-32CF-41F2-98D7-CF99C4CE4B0B}.Release|Any CPU.ActiveCfg = Release|Any CPU
		{619D2F48-32CF-41F2-98D7-CF99C4CE4B0B}.Release|Any CPU.Build.0 = Release|Any CPU
	EndGlobalSection
	GlobalSection(SolutionProperties) = preSolution
		HideSolutionNode = FALSE
	EndGlobalSection
	GlobalSection(ExtensibilityGlobals) = postSolution
		SolutionGuid = {0659C9C7-1190-4453-962F-2F12844B019A}
	EndGlobalSection
EndGlobal
