
Microsoft Visual Studio Solution File, Format Version 12.00
# Visual Studio Version 17
VisualStudioVersion = 17.4.33213.308
MinimumVisualStudioVersion = 10.0.40219.1
Project("{FAE04EC0-301F-11D3-BF4B-00C04F79EFBC}") = "1.Singleton", "1.Singleton\1.Singleton.csproj", "{8CE03120-8BBD-492D-AC2E-E829D4D014F1}"
EndProject
Project("{FAE04EC0-301F-11D3-BF4B-00C04F79EFBC}") = "2.Facade", "2.Facade\2.Facade.csproj", "{7BABD57F-01D0-4E55-8E01-E7D831A5B613}"
EndProject
Project("{FAE04EC0-301F-11D3-BF4B-00C04F79EFBC}") = "3.CommandPattern", "3.CommandPattern\3.CommandPattern.csproj", "{7C874B56-6902-443A-923A-95D0A8187D64}"
EndProject
Global
	GlobalSection(SolutionConfigurationPlatforms) = preSolution
		Debug|Any CPU = Debug|Any CPU
		Release|Any CPU = Release|Any CPU
	EndGlobalSection
	GlobalSection(ProjectConfigurationPlatforms) = postSolution
		{8CE03120-8BBD-492D-AC2E-E829D4D014F1}.Debug|Any CPU.ActiveCfg = Debug|Any CPU
		{8CE03120-8BBD-492D-AC2E-E829D4D014F1}.Debug|Any CPU.Build.0 = Debug|Any CPU
		{8CE03120-8BBD-492D-AC2E-E829D4D014F1}.Release|Any CPU.ActiveCfg = Release|Any CPU
		{8CE03120-8BBD-492D-AC2E-E829D4D014F1}.Release|Any CPU.Build.0 = Release|Any CPU
		{7BABD57F-01D0-4E55-8E01-E7D831A5B613}.Debug|Any CPU.ActiveCfg = Debug|Any CPU
		{7BABD57F-01D0-4E55-8E01-E7D831A5B613}.Debug|Any CPU.Build.0 = Debug|Any CPU
		{7BABD57F-01D0-4E55-8E01-E7D831A5B613}.Release|Any CPU.ActiveCfg = Release|Any CPU
		{7BABD57F-01D0-4E55-8E01-E7D831A5B613}.Release|Any CPU.Build.0 = Release|Any CPU
		{7C874B56-6902-443A-923A-95D0A8187D64}.Debug|Any CPU.ActiveCfg = Debug|Any CPU
		{7C874B56-6902-443A-923A-95D0A8187D64}.Debug|Any CPU.Build.0 = Debug|Any CPU
		{7C874B56-6902-443A-923A-95D0A8187D64}.Release|Any CPU.ActiveCfg = Release|Any CPU
		{7C874B56-6902-443A-923A-95D0A8187D64}.Release|Any CPU.Build.0 = Release|Any CPU
	EndGlobalSection
	GlobalSection(SolutionProperties) = preSolution
		HideSolutionNode = FALSE
	EndGlobalSection
	GlobalSection(ExtensibilityGlobals) = postSolution
		SolutionGuid = {C009C092-B81A-49BF-BBCF-35955141647C}
	EndGlobalSection
EndGlobal
