
Microsoft Visual Studio Solution File, Format Version 12.00
# Visual Studio Version 17
VisualStudioVersion = 17.4.33213.308
MinimumVisualStudioVersion = 10.0.40219.1
Project("{9A19103F-16F7-4668-BE54-9A1E7A4F7556}") = "1.Shapes", "1.Shapes\1.Shapes.csproj", "{408BE343-3A73-43A7-B671-568024E5EFC8}"
EndProject
Project("{FAE04EC0-301F-11D3-BF4B-00C04F79EFBC}") = "2.Cars", "2.Cars\2.Cars.csproj", "{5024BC31-B6C1-4218-A982-E6763FF0BEDE}"
EndProject
Global
	GlobalSection(SolutionConfigurationPlatforms) = preSolution
		Debug|Any CPU = Debug|Any CPU
		Release|Any CPU = Release|Any CPU
	EndGlobalSection
	GlobalSection(ProjectConfigurationPlatforms) = postSolution
		{408BE343-3A73-43A7-B671-568024E5EFC8}.Debug|Any CPU.ActiveCfg = Debug|Any CPU
		{408BE343-3A73-43A7-B671-568024E5EFC8}.Debug|Any CPU.Build.0 = Debug|Any CPU
		{408BE343-3A73-43A7-B671-568024E5EFC8}.Release|Any CPU.ActiveCfg = Release|Any CPU
		{408BE343-3A73-43A7-B671-568024E5EFC8}.Release|Any CPU.Build.0 = Release|Any CPU
		{5024BC31-B6C1-4218-A982-E6763FF0BEDE}.Debug|Any CPU.ActiveCfg = Debug|Any CPU
		{5024BC31-B6C1-4218-A982-E6763FF0BEDE}.Debug|Any CPU.Build.0 = Debug|Any CPU
		{5024BC31-B6C1-4218-A982-E6763FF0BEDE}.Release|Any CPU.ActiveCfg = Release|Any CPU
		{5024BC31-B6C1-4218-A982-E6763FF0BEDE}.Release|Any CPU.Build.0 = Release|Any CPU
	EndGlobalSection
	GlobalSection(SolutionProperties) = preSolution
		HideSolutionNode = FALSE
	EndGlobalSection
	GlobalSection(ExtensibilityGlobals) = postSolution
		SolutionGuid = {5029CA4D-2362-49DE-B8C8-5E7D6FA23F56}
	EndGlobalSection
EndGlobal
