
Microsoft Visual Studio Solution File, Format Version 12.00
# Visual Studio Version 17
VisualStudioVersion = 17.4.33213.308
MinimumVisualStudioVersion = 10.0.40219.1
Project("{9A19103F-16F7-4668-BE54-9A1E7A4F7556}") = "BoxOfT", "1.BoxOfT\BoxOfT.csproj", "{3317800B-E283-4881-964F-201751E54ACC}"
EndProject
Project("{FAE04EC0-301F-11D3-BF4B-00C04F79EFBC}") = "GenericArrayCreator", "2.GenericArrayCreator\GenericArrayCreator.csproj", "{3F4689D1-96EF-4247-A555-005E6A5A855F}"
EndProject
Project("{FAE04EC0-301F-11D3-BF4B-00C04F79EFBC}") = "GenericScale", "3.GenericScale\GenericScale.csproj", "{9C0DEB19-92E3-48BF-8EDE-B4587064C9DC}"
EndProject
Global
	GlobalSection(SolutionConfigurationPlatforms) = preSolution
		Debug|Any CPU = Debug|Any CPU
		Release|Any CPU = Release|Any CPU
	EndGlobalSection
	GlobalSection(ProjectConfigurationPlatforms) = postSolution
		{3317800B-E283-4881-964F-201751E54ACC}.Debug|Any CPU.ActiveCfg = Debug|Any CPU
		{3317800B-E283-4881-964F-201751E54ACC}.Debug|Any CPU.Build.0 = Debug|Any CPU
		{3317800B-E283-4881-964F-201751E54ACC}.Release|Any CPU.ActiveCfg = Release|Any CPU
		{3317800B-E283-4881-964F-201751E54ACC}.Release|Any CPU.Build.0 = Release|Any CPU
		{3F4689D1-96EF-4247-A555-005E6A5A855F}.Debug|Any CPU.ActiveCfg = Debug|Any CPU
		{3F4689D1-96EF-4247-A555-005E6A5A855F}.Debug|Any CPU.Build.0 = Debug|Any CPU
		{3F4689D1-96EF-4247-A555-005E6A5A855F}.Release|Any CPU.ActiveCfg = Release|Any CPU
		{3F4689D1-96EF-4247-A555-005E6A5A855F}.Release|Any CPU.Build.0 = Release|Any CPU
		{9C0DEB19-92E3-48BF-8EDE-B4587064C9DC}.Debug|Any CPU.ActiveCfg = Debug|Any CPU
		{9C0DEB19-92E3-48BF-8EDE-B4587064C9DC}.Debug|Any CPU.Build.0 = Debug|Any CPU
		{9C0DEB19-92E3-48BF-8EDE-B4587064C9DC}.Release|Any CPU.ActiveCfg = Release|Any CPU
		{9C0DEB19-92E3-48BF-8EDE-B4587064C9DC}.Release|Any CPU.Build.0 = Release|Any CPU
	EndGlobalSection
	GlobalSection(SolutionProperties) = preSolution
		HideSolutionNode = FALSE
	EndGlobalSection
	GlobalSection(ExtensibilityGlobals) = postSolution
		SolutionGuid = {2C6C936A-7A62-4235-A9CB-0B62A721A374}
	EndGlobalSection
EndGlobal
