
Microsoft Visual Studio Solution File, Format Version 12.00
# Visual Studio Version 17
VisualStudioVersion = 17.4.33213.308
MinimumVisualStudioVersion = 10.0.40219.1
Project("{FAE04EC0-301F-11D3-BF4B-00C04F79EFBC}") = "ImplementingLinkedList", "ImplementingLinkedList\ImplementingLinkedList.csproj", "{35CEE29B-C3AE-4195-88F2-BCCDEE98F4F8}"
EndProject
Global
	GlobalSection(SolutionConfigurationPlatforms) = preSolution
		Debug|Any CPU = Debug|Any CPU
		Release|Any CPU = Release|Any CPU
	EndGlobalSection
	GlobalSection(ProjectConfigurationPlatforms) = postSolution
		{35CEE29B-C3AE-4195-88F2-BCCDEE98F4F8}.Debug|Any CPU.ActiveCfg = Debug|Any CPU
		{35CEE29B-C3AE-4195-88F2-BCCDEE98F4F8}.Debug|Any CPU.Build.0 = Debug|Any CPU
		{35CEE29B-C3AE-4195-88F2-BCCDEE98F4F8}.Release|Any CPU.ActiveCfg = Release|Any CPU
		{35CEE29B-C3AE-4195-88F2-BCCDEE98F4F8}.Release|Any CPU.Build.0 = Release|Any CPU
	EndGlobalSection
	GlobalSection(SolutionProperties) = preSolution
		HideSolutionNode = FALSE
	EndGlobalSection
	GlobalSection(ExtensibilityGlobals) = postSolution
		SolutionGuid = {574AA66E-7D17-4EF3-9F75-3F5D8780E640}
	EndGlobalSection
EndGlobal
