
Microsoft Visual Studio Solution File, Format Version 12.00
# Visual Studio Version 17
VisualStudioVersion = 17.4.33213.308
MinimumVisualStudioVersion = 10.0.40219.1
Project("{FAE04EC0-301F-11D3-BF4B-00C04F79EFBC}") = "1.Prototype", "1.Prototype\1.Prototype.csproj", "{215A2BDD-A8EB-431E-8834-03756907C1E9}"
EndProject
Project("{FAE04EC0-301F-11D3-BF4B-00C04F79EFBC}") = "2.Composite", "2.Composite\2.Composite.csproj", "{C5BFDFDB-5E90-4DD8-849B-739F330AD593}"
EndProject
Project("{FAE04EC0-301F-11D3-BF4B-00C04F79EFBC}") = "3.TemplatePattern", "3.TemplatePattern\3.TemplatePattern.csproj", "{D5C0015F-BDA8-4019-B69C-52C8C26AE880}"
EndProject
Global
	GlobalSection(SolutionConfigurationPlatforms) = preSolution
		Debug|Any CPU = Debug|Any CPU
		Release|Any CPU = Release|Any CPU
	EndGlobalSection
	GlobalSection(ProjectConfigurationPlatforms) = postSolution
		{215A2BDD-A8EB-431E-8834-03756907C1E9}.Debug|Any CPU.ActiveCfg = Debug|Any CPU
		{215A2BDD-A8EB-431E-8834-03756907C1E9}.Debug|Any CPU.Build.0 = Debug|Any CPU
		{215A2BDD-A8EB-431E-8834-03756907C1E9}.Release|Any CPU.ActiveCfg = Release|Any CPU
		{215A2BDD-A8EB-431E-8834-03756907C1E9}.Release|Any CPU.Build.0 = Release|Any CPU
		{C5BFDFDB-5E90-4DD8-849B-739F330AD593}.Debug|Any CPU.ActiveCfg = Debug|Any CPU
		{C5BFDFDB-5E90-4DD8-849B-739F330AD593}.Debug|Any CPU.Build.0 = Debug|Any CPU
		{C5BFDFDB-5E90-4DD8-849B-739F330AD593}.Release|Any CPU.ActiveCfg = Release|Any CPU
		{C5BFDFDB-5E90-4DD8-849B-739F330AD593}.Release|Any CPU.Build.0 = Release|Any CPU
		{D5C0015F-BDA8-4019-B69C-52C8C26AE880}.Debug|Any CPU.ActiveCfg = Debug|Any CPU
		{D5C0015F-BDA8-4019-B69C-52C8C26AE880}.Debug|Any CPU.Build.0 = Debug|Any CPU
		{D5C0015F-BDA8-4019-B69C-52C8C26AE880}.Release|Any CPU.ActiveCfg = Release|Any CPU
		{D5C0015F-BDA8-4019-B69C-52C8C26AE880}.Release|Any CPU.Build.0 = Release|Any CPU
	EndGlobalSection
	GlobalSection(SolutionProperties) = preSolution
		HideSolutionNode = FALSE
	EndGlobalSection
	GlobalSection(ExtensibilityGlobals) = postSolution
		SolutionGuid = {A8D27F31-4730-4A72-BCE1-F9750DB2B3AD}
	EndGlobalSection
EndGlobal
