
Microsoft Visual Studio Solution File, Format Version 12.00
# Visual Studio Version 17
VisualStudioVersion = 17.4.33213.308
MinimumVisualStudioVersion = 10.0.40219.1
Project("{9A19103F-16F7-4668-BE54-9A1E7A4F7556}") = "1.ClassBoxData", "1.ClassBoxData\1.ClassBoxData.csproj", "{68187591-086D-4DEE-A2C9-0055C27A2CE9}"
EndProject
Project("{9A19103F-16F7-4668-BE54-9A1E7A4F7556}") = "3.ShoppingSpree", "3.ShoppingSpree\3.ShoppingSpree.csproj", "{FF0D320A-F703-431A-BB41-6C6A937D2B9B}"
EndProject
Project("{9A19103F-16F7-4668-BE54-9A1E7A4F7556}") = "4.PizzaCalories", "4.PizzaCalories\4.PizzaCalories.csproj", "{7DE02C53-4552-453D-BAC7-1EAD67D77BB8}"
EndProject
Project("{9A19103F-16F7-4668-BE54-9A1E7A4F7556}") = "5.FootballTeamGenerator", "5.FootballTeamGenerator\5.FootballTeamGenerator.csproj", "{74089590-3E42-4AE1-9BEC-376F9C1F49B3}"
EndProject
Project("{FAE04EC0-301F-11D3-BF4B-00C04F79EFBC}") = "2.AnimalFarm", "2.AnimalFarm\2.AnimalFarm.csproj", "{AB995328-4BDC-45E4-B6BE-64E606465636}"
EndProject
Global
	GlobalSection(SolutionConfigurationPlatforms) = preSolution
		Debug|Any CPU = Debug|Any CPU
		Release|Any CPU = Release|Any CPU
	EndGlobalSection
	GlobalSection(ProjectConfigurationPlatforms) = postSolution
		{68187591-086D-4DEE-A2C9-0055C27A2CE9}.Debug|Any CPU.ActiveCfg = Debug|Any CPU
		{68187591-086D-4DEE-A2C9-0055C27A2CE9}.Debug|Any CPU.Build.0 = Debug|Any CPU
		{68187591-086D-4DEE-A2C9-0055C27A2CE9}.Release|Any CPU.ActiveCfg = Release|Any CPU
		{68187591-086D-4DEE-A2C9-0055C27A2CE9}.Release|Any CPU.Build.0 = Release|Any CPU
		{FF0D320A-F703-431A-BB41-6C6A937D2B9B}.Debug|Any CPU.ActiveCfg = Debug|Any CPU
		{FF0D320A-F703-431A-BB41-6C6A937D2B9B}.Debug|Any CPU.Build.0 = Debug|Any CPU
		{FF0D320A-F703-431A-BB41-6C6A937D2B9B}.Release|Any CPU.ActiveCfg = Release|Any CPU
		{FF0D320A-F703-431A-BB41-6C6A937D2B9B}.Release|Any CPU.Build.0 = Release|Any CPU
		{7DE02C53-4552-453D-BAC7-1EAD67D77BB8}.Debug|Any CPU.ActiveCfg = Debug|Any CPU
		{7DE02C53-4552-453D-BAC7-1EAD67D77BB8}.Debug|Any CPU.Build.0 = Debug|Any CPU
		{7DE02C53-4552-453D-BAC7-1EAD67D77BB8}.Release|Any CPU.ActiveCfg = Release|Any CPU
		{7DE02C53-4552-453D-BAC7-1EAD67D77BB8}.Release|Any CPU.Build.0 = Release|Any CPU
		{74089590-3E42-4AE1-9BEC-376F9C1F49B3}.Debug|Any CPU.ActiveCfg = Debug|Any CPU
		{74089590-3E42-4AE1-9BEC-376F9C1F49B3}.Debug|Any CPU.Build.0 = Debug|Any CPU
		{74089590-3E42-4AE1-9BEC-376F9C1F49B3}.Release|Any CPU.ActiveCfg = Release|Any CPU
		{74089590-3E42-4AE1-9BEC-376F9C1F49B3}.Release|Any CPU.Build.0 = Release|Any CPU
		{AB995328-4BDC-45E4-B6BE-64E606465636}.Debug|Any CPU.ActiveCfg = Debug|Any CPU
		{AB995328-4BDC-45E4-B6BE-64E606465636}.Debug|Any CPU.Build.0 = Debug|Any CPU
		{AB995328-4BDC-45E4-B6BE-64E606465636}.Release|Any CPU.ActiveCfg = Release|Any CPU
		{AB995328-4BDC-45E4-B6BE-64E606465636}.Release|Any CPU.Build.0 = Release|Any CPU
	EndGlobalSection
	GlobalSection(SolutionProperties) = preSolution
		HideSolutionNode = FALSE
	EndGlobalSection
	GlobalSection(ExtensibilityGlobals) = postSolution
		SolutionGuid = {E634CFC8-0766-476E-A148-FA10CEDE3D67}
	EndGlobalSection
EndGlobal
